
Microsoft Visual Studio Solution File, Format Version 12.00
# Visual Studio 14
VisualStudioVersion = 14.0.25420.1
MinimumVisualStudioVersion = 10.0.40219.1
Project("{2150E333-8FDC-42A3-9474-1A3956D46DE8}") = "Solution Items", "Solution Items", "{E3BB1288-6B7F-4CAA-A4BD-BE75E78567F5}"
	ProjectSection(SolutionItems) = preProject
		Local.testsettings = Local.testsettings
		MagicBox.vsmdi = MagicBox.vsmdi
		TraceAndTestImpact.testsettings = TraceAndTestImpact.testsettings
	EndProjectSection
EndProject
Project("{2150E333-8FDC-42A3-9474-1A3956D46DE8}") = "Test", "Test", "{8D23B679-2893-4410-9D3F-60FF346B46A3}"
EndProject
Project("{2150E333-8FDC-42A3-9474-1A3956D46DE8}") = "Demo", "Demo", "{82B0460F-06BF-4E26-B92B-9ADBAB126170}"
EndProject
Project("{FAE04EC0-301F-11D3-BF4B-00C04F79EFBC}") = "MagicBox", "MagicBox\MagicBox.csproj", "{73E5D8D5-8337-448A-A510-8351E2260B21}"
EndProject
Project("{FAE04EC0-301F-11D3-BF4B-00C04F79EFBC}") = "MagicBox.Common", "MagicBox.Common\MagicBox.Common.csproj", "{4539136E-2F6C-4E72-BE3A-9DE59E1337EF}"
EndProject
Project("{FAE04EC0-301F-11D3-BF4B-00C04F79EFBC}") = "MagicBox.EasyChat.P2P", "MagicBox.EasyChat.P2P\MagicBox.EasyChat.P2P.csproj", "{6621C824-8ABB-4B18-9A64-F8305CB5AF7F}"
EndProject
Project("{FAE04EC0-301F-11D3-BF4B-00C04F79EFBC}") = "MagicBox.Extension", "MagicBox.Extension\MagicBox.Extension.csproj", "{75E0CBC5-2A35-4715-A6D1-E2983C137D55}"
EndProject
Project("{FAE04EC0-301F-11D3-BF4B-00C04F79EFBC}") = "MagicBox.Plugin", "MagicBox.Plugin\MagicBox.Plugin.csproj", "{E4D31BDE-4E71-4DE3-923C-E661305CE6CF}"
EndProject
Project("{FAE04EC0-301F-11D3-BF4B-00C04F79EFBC}") = "MagicBox.Plugin.Launcher.Console", "MagicBox.Plugin.Launcher.Console\MagicBox.Plugin.Launcher.Console.csproj", "{F1C2F922-888A-48FC-BD26-EFCC5E0069F2}"
EndProject
Project("{FAE04EC0-301F-11D3-BF4B-00C04F79EFBC}") = "MagicBox.Plugin.Launcher.WinForm", "MagicBox.Plugin.Launcher.WinForm\MagicBox.Plugin.Launcher.WinForm.csproj", "{56AC7E77-0C92-4E21-80FE-0BB7B0FF7B80}"
EndProject
Project("{FAE04EC0-301F-11D3-BF4B-00C04F79EFBC}") = "Test.MaigcBox.Common", "Test.MaigcBox.Common\Test.MaigcBox.Common.csproj", "{1D196AC0-4354-44EE-9BC6-86870D706372}"
EndProject
Project("{FAE04EC0-301F-11D3-BF4B-00C04F79EFBC}") = "Demo.Web.MagicBox.Common", "Demo.Web.MagicBox.Common\Demo.Web.MagicBox.Common.csproj", "{2D5CF1D8-895D-43AD-BE22-750B5EA25C39}"
EndProject
Project("{FAE04EC0-301F-11D3-BF4B-00C04F79EFBC}") = "Demo.Console.MagicBox.Common", "Demo.Console.MagicBox.Common\Demo.Console.MagicBox.Common.csproj", "{D362D0E7-9315-428C-8AF9-F6ACBEDF3196}"
EndProject
Project("{F088123C-0E9E-452A-89E6-6BA2F21D5CAC}") = "MagicBox.Modeling", "MagicBox.Modeling\MagicBox.Modeling.modelproj", "{A1A859CB-E82B-4068-A1F9-107778DDE56E}"
EndProject
Project("{FAE04EC0-301F-11D3-BF4B-00C04F79EFBC}") = "Test.MagicBox", "Test.MagicBox\Test.MagicBox.csproj", "{0AD8AE99-EC58-431D-A020-CB16C5D76A75}"
EndProject
Project("{FAE04EC0-301F-11D3-BF4B-00C04F79EFBC}") = "Demo.WinForm", "Demo.WinForm\Demo.WinForm.csproj", "{56515ADC-0EE3-4D3D-AA3B-F3E7C2B3F584}"
EndProject
Project("{FAE04EC0-301F-11D3-BF4B-00C04F79EFBC}") = "MagicBox.ModelingFramework", "MagicBox.ModelingFramework\MagicBox.ModelingFramework.csproj", "{A8D0FA3D-39D4-4927-BF8C-4DCC4D12B6F0}"
EndProject
Project("{FAE04EC0-301F-11D3-BF4B-00C04F79EFBC}") = "Test.MagicBox.ModelingFramework", "Test.MagicBox.ModelingFramework\Test.MagicBox.ModelingFramework.csproj", "{92A9A788-B9D8-44E0-AD05-1A6E27249874}"
EndProject
Project("{FAE04EC0-301F-11D3-BF4B-00C04F79EFBC}") = "DesignPattern", "DesignPattern\DesignPattern.csproj", "{B551FE6F-6D70-4C9A-B6F1-8F8791FB16C1}"
EndProject
Project("{FAE04EC0-301F-11D3-BF4B-00C04F79EFBC}") = "Demo.ItemCore", "Demo.ItemCore\Demo.ItemCore.csproj", "{D871ED64-88E2-4A0A-ABD6-55090C988502}"
EndProject
Project("{FAE04EC0-301F-11D3-BF4B-00C04F79EFBC}") = "Test.MagicBox.DesignPattern", "Test.MagicBox.DesignPattern\Test.MagicBox.DesignPattern.csproj", "{62DFF694-AD2C-41D5-9190-17B58148B840}"
EndProject
Project("{FAE04EC0-301F-11D3-BF4B-00C04F79EFBC}") = "Demo.DesignPattern", "Demo.DesignPattern\Demo.DesignPattern.csproj", "{8ECBD6C5-7898-4E2D-8048-07CC49C7E6FD}"
EndProject
Global
	GlobalSection(SolutionConfigurationPlatforms) = preSolution
		Debug|Any CPU = Debug|Any CPU
		Debug|Mixed Platforms = Debug|Mixed Platforms
		Debug|x86 = Debug|x86
		Release|Any CPU = Release|Any CPU
		Release|Mixed Platforms = Release|Mixed Platforms
		Release|x86 = Release|x86
	EndGlobalSection
	GlobalSection(ProjectConfigurationPlatforms) = postSolution
		{73E5D8D5-8337-448A-A510-8351E2260B21}.Debug|Any CPU.ActiveCfg = Debug|x86
		{73E5D8D5-8337-448A-A510-8351E2260B21}.Debug|Mixed Platforms.ActiveCfg = Debug|x86
		{73E5D8D5-8337-448A-A510-8351E2260B21}.Debug|Mixed Platforms.Build.0 = Debug|x86
		{73E5D8D5-8337-448A-A510-8351E2260B21}.Debug|x86.ActiveCfg = Debug|x86
		{73E5D8D5-8337-448A-A510-8351E2260B21}.Debug|x86.Build.0 = Debug|x86
		{73E5D8D5-8337-448A-A510-8351E2260B21}.Release|Any CPU.ActiveCfg = Release|x86
		{73E5D8D5-8337-448A-A510-8351E2260B21}.Release|Mixed Platforms.ActiveCfg = Release|x86
		{73E5D8D5-8337-448A-A510-8351E2260B21}.Release|Mixed Platforms.Build.0 = Release|x86
		{73E5D8D5-8337-448A-A510-8351E2260B21}.Release|x86.ActiveCfg = Release|x86
		{73E5D8D5-8337-448A-A510-8351E2260B21}.Release|x86.Build.0 = Release|x86
		{4539136E-2F6C-4E72-BE3A-9DE59E1337EF}.Debug|Any CPU.ActiveCfg = Debug|Any CPU
		{4539136E-2F6C-4E72-BE3A-9DE59E1337EF}.Debug|Any CPU.Build.0 = Debug|Any CPU
		{4539136E-2F6C-4E72-BE3A-9DE59E1337EF}.Debug|Mixed Platforms.ActiveCfg = Debug|Any CPU
		{4539136E-2F6C-4E72-BE3A-9DE59E1337EF}.Debug|Mixed Platforms.Build.0 = Debug|Any CPU
		{4539136E-2F6C-4E72-BE3A-9DE59E1337EF}.Debug|x86.ActiveCfg = Debug|Any CPU
		{4539136E-2F6C-4E72-BE3A-9DE59E1337EF}.Release|Any CPU.ActiveCfg = Release|Any CPU
		{4539136E-2F6C-4E72-BE3A-9DE59E1337EF}.Release|Any CPU.Build.0 = Release|Any CPU
		{4539136E-2F6C-4E72-BE3A-9DE59E1337EF}.Release|Mixed Platforms.ActiveCfg = Release|Any CPU
		{4539136E-2F6C-4E72-BE3A-9DE59E1337EF}.Release|Mixed Platforms.Build.0 = Release|Any CPU
		{4539136E-2F6C-4E72-BE3A-9DE59E1337EF}.Release|x86.ActiveCfg = Release|Any CPU
		{6621C824-8ABB-4B18-9A64-F8305CB5AF7F}.Debug|Any CPU.ActiveCfg = Debug|x86
		{6621C824-8ABB-4B18-9A64-F8305CB5AF7F}.Debug|Mixed Platforms.ActiveCfg = Debug|x86
		{6621C824-8ABB-4B18-9A64-F8305CB5AF7F}.Debug|Mixed Platforms.Build.0 = Debug|x86
		{6621C824-8ABB-4B18-9A64-F8305CB5AF7F}.Debug|x86.ActiveCfg = Debug|x86
		{6621C824-8ABB-4B18-9A64-F8305CB5AF7F}.Debug|x86.Build.0 = Debug|x86
		{6621C824-8ABB-4B18-9A64-F8305CB5AF7F}.Release|Any CPU.ActiveCfg = Release|x86
		{6621C824-8ABB-4B18-9A64-F8305CB5AF7F}.Release|Mixed Platforms.ActiveCfg = Release|x86
		{6621C824-8ABB-4B18-9A64-F8305CB5AF7F}.Release|Mixed Platforms.Build.0 = Release|x86
		{6621C824-8ABB-4B18-9A64-F8305CB5AF7F}.Release|x86.ActiveCfg = Release|x86
		{6621C824-8ABB-4B18-9A64-F8305CB5AF7F}.Release|x86.Build.0 = Release|x86
		{75E0CBC5-2A35-4715-A6D1-E2983C137D55}.Debug|Any CPU.ActiveCfg = Debug|Any CPU
		{75E0CBC5-2A35-4715-A6D1-E2983C137D55}.Debug|Any CPU.Build.0 = Debug|Any CPU
		{75E0CBC5-2A35-4715-A6D1-E2983C137D55}.Debug|Mixed Platforms.ActiveCfg = Debug|Any CPU
		{75E0CBC5-2A35-4715-A6D1-E2983C137D55}.Debug|Mixed Platforms.Build.0 = Debug|Any CPU
		{75E0CBC5-2A35-4715-A6D1-E2983C137D55}.Debug|x86.ActiveCfg = Debug|Any CPU
		{75E0CBC5-2A35-4715-A6D1-E2983C137D55}.Release|Any CPU.ActiveCfg = Release|Any CPU
		{75E0CBC5-2A35-4715-A6D1-E2983C137D55}.Release|Any CPU.Build.0 = Release|Any CPU
		{75E0CBC5-2A35-4715-A6D1-E2983C137D55}.Release|Mixed Platforms.ActiveCfg = Release|Any CPU
		{75E0CBC5-2A35-4715-A6D1-E2983C137D55}.Release|Mixed Platforms.Build.0 = Release|Any CPU
		{75E0CBC5-2A35-4715-A6D1-E2983C137D55}.Release|x86.ActiveCfg = Release|Any CPU
		{E4D31BDE-4E71-4DE3-923C-E661305CE6CF}.Debug|Any CPU.ActiveCfg = Debug|Any CPU
		{E4D31BDE-4E71-4DE3-923C-E661305CE6CF}.Debug|Any CPU.Build.0 = Debug|Any CPU
		{E4D31BDE-4E71-4DE3-923C-E661305CE6CF}.Debug|Mixed Platforms.ActiveCfg = Debug|Any CPU
		{E4D31BDE-4E71-4DE3-923C-E661305CE6CF}.Debug|Mixed Platforms.Build.0 = Debug|Any CPU
		{E4D31BDE-4E71-4DE3-923C-E661305CE6CF}.Debug|x86.ActiveCfg = Debug|Any CPU
		{E4D31BDE-4E71-4DE3-923C-E661305CE6CF}.Release|Any CPU.ActiveCfg = Release|Any CPU
		{E4D31BDE-4E71-4DE3-923C-E661305CE6CF}.Release|Any CPU.Build.0 = Release|Any CPU
		{E4D31BDE-4E71-4DE3-923C-E661305CE6CF}.Release|Mixed Platforms.ActiveCfg = Release|Any CPU
		{E4D31BDE-4E71-4DE3-923C-E661305CE6CF}.Release|Mixed Platforms.Build.0 = Release|Any CPU
		{E4D31BDE-4E71-4DE3-923C-E661305CE6CF}.Release|x86.ActiveCfg = Release|Any CPU
		{F1C2F922-888A-48FC-BD26-EFCC5E0069F2}.Debug|Any CPU.ActiveCfg = Debug|x86
		{F1C2F922-888A-48FC-BD26-EFCC5E0069F2}.Debug|Mixed Platforms.ActiveCfg = Debug|x86
		{F1C2F922-888A-48FC-BD26-EFCC5E0069F2}.Debug|Mixed Platforms.Build.0 = Debug|x86
		{F1C2F922-888A-48FC-BD26-EFCC5E0069F2}.Debug|x86.ActiveCfg = Debug|x86
		{F1C2F922-888A-48FC-BD26-EFCC5E0069F2}.Debug|x86.Build.0 = Debug|x86
		{F1C2F922-888A-48FC-BD26-EFCC5E0069F2}.Release|Any CPU.ActiveCfg = Release|x86
		{F1C2F922-888A-48FC-BD26-EFCC5E0069F2}.Release|Mixed Platforms.ActiveCfg = Release|x86
		{F1C2F922-888A-48FC-BD26-EFCC5E0069F2}.Release|Mixed Platforms.Build.0 = Release|x86
		{F1C2F922-888A-48FC-BD26-EFCC5E0069F2}.Release|x86.ActiveCfg = Release|x86
		{F1C2F922-888A-48FC-BD26-EFCC5E0069F2}.Release|x86.Build.0 = Release|x86
		{56AC7E77-0C92-4E21-80FE-0BB7B0FF7B80}.Debug|Any CPU.ActiveCfg = Debug|x86
		{56AC7E77-0C92-4E21-80FE-0BB7B0FF7B80}.Debug|Mixed Platforms.ActiveCfg = Debug|x86
		{56AC7E77-0C92-4E21-80FE-0BB7B0FF7B80}.Debug|Mixed Platforms.Build.0 = Debug|x86
		{56AC7E77-0C92-4E21-80FE-0BB7B0FF7B80}.Debug|x86.ActiveCfg = Debug|x86
		{56AC7E77-0C92-4E21-80FE-0BB7B0FF7B80}.Debug|x86.Build.0 = Debug|x86
		{56AC7E77-0C92-4E21-80FE-0BB7B0FF7B80}.Release|Any CPU.ActiveCfg = Release|x86
		{56AC7E77-0C92-4E21-80FE-0BB7B0FF7B80}.Release|Mixed Platforms.ActiveCfg = Release|x86
		{56AC7E77-0C92-4E21-80FE-0BB7B0FF7B80}.Release|Mixed Platforms.Build.0 = Release|x86
		{56AC7E77-0C92-4E21-80FE-0BB7B0FF7B80}.Release|x86.ActiveCfg = Release|x86
		{56AC7E77-0C92-4E21-80FE-0BB7B0FF7B80}.Release|x86.Build.0 = Release|x86
		{1D196AC0-4354-44EE-9BC6-86870D706372}.Debug|Any CPU.ActiveCfg = Debug|Any CPU
		{1D196AC0-4354-44EE-9BC6-86870D706372}.Debug|Any CPU.Build.0 = Debug|Any CPU
		{1D196AC0-4354-44EE-9BC6-86870D706372}.Debug|Mixed Platforms.ActiveCfg = Debug|Any CPU
		{1D196AC0-4354-44EE-9BC6-86870D706372}.Debug|Mixed Platforms.Build.0 = Debug|Any CPU
		{1D196AC0-4354-44EE-9BC6-86870D706372}.Debug|x86.ActiveCfg = Debug|Any CPU
		{1D196AC0-4354-44EE-9BC6-86870D706372}.Release|Any CPU.ActiveCfg = Release|Any CPU
		{1D196AC0-4354-44EE-9BC6-86870D706372}.Release|Any CPU.Build.0 = Release|Any CPU
		{1D196AC0-4354-44EE-9BC6-86870D706372}.Release|Mixed Platforms.ActiveCfg = Release|Any CPU
		{1D196AC0-4354-44EE-9BC6-86870D706372}.Release|Mixed Platforms.Build.0 = Release|Any CPU
		{1D196AC0-4354-44EE-9BC6-86870D706372}.Release|x86.ActiveCfg = Release|Any CPU
		{2D5CF1D8-895D-43AD-BE22-750B5EA25C39}.Debug|Any CPU.ActiveCfg = Debug|Any CPU
		{2D5CF1D8-895D-43AD-BE22-750B5EA25C39}.Debug|Any CPU.Build.0 = Debug|Any CPU
		{2D5CF1D8-895D-43AD-BE22-750B5EA25C39}.Debug|Mixed Platforms.ActiveCfg = Debug|Any CPU
		{2D5CF1D8-895D-43AD-BE22-750B5EA25C39}.Debug|Mixed Platforms.Build.0 = Debug|Any CPU
		{2D5CF1D8-895D-43AD-BE22-750B5EA25C39}.Debug|x86.ActiveCfg = Debug|Any CPU
		{2D5CF1D8-895D-43AD-BE22-750B5EA25C39}.Release|Any CPU.ActiveCfg = Release|Any CPU
		{2D5CF1D8-895D-43AD-BE22-750B5EA25C39}.Release|Any CPU.Build.0 = Release|Any CPU
		{2D5CF1D8-895D-43AD-BE22-750B5EA25C39}.Release|Mixed Platforms.ActiveCfg = Release|Any CPU
		{2D5CF1D8-895D-43AD-BE22-750B5EA25C39}.Release|Mixed Platforms.Build.0 = Release|Any CPU
		{2D5CF1D8-895D-43AD-BE22-750B5EA25C39}.Release|x86.ActiveCfg = Release|Any CPU
		{D362D0E7-9315-428C-8AF9-F6ACBEDF3196}.Debug|Any CPU.ActiveCfg = Debug|x86
		{D362D0E7-9315-428C-8AF9-F6ACBEDF3196}.Debug|Mixed Platforms.ActiveCfg = Debug|x86
		{D362D0E7-9315-428C-8AF9-F6ACBEDF3196}.Debug|Mixed Platforms.Build.0 = Debug|x86
		{D362D0E7-9315-428C-8AF9-F6ACBEDF3196}.Debug|x86.ActiveCfg = Debug|x86
		{D362D0E7-9315-428C-8AF9-F6ACBEDF3196}.Debug|x86.Build.0 = Debug|x86
		{D362D0E7-9315-428C-8AF9-F6ACBEDF3196}.Release|Any CPU.ActiveCfg = Release|x86
		{D362D0E7-9315-428C-8AF9-F6ACBEDF3196}.Release|Mixed Platforms.ActiveCfg = Release|x86
		{D362D0E7-9315-428C-8AF9-F6ACBEDF3196}.Release|Mixed Platforms.Build.0 = Release|x86
		{D362D0E7-9315-428C-8AF9-F6ACBEDF3196}.Release|x86.ActiveCfg = Release|x86
		{D362D0E7-9315-428C-8AF9-F6ACBEDF3196}.Release|x86.Build.0 = Release|x86
		{A1A859CB-E82B-4068-A1F9-107778DDE56E}.Debug|Any CPU.ActiveCfg = Debug|Any CPU
		{A1A859CB-E82B-4068-A1F9-107778DDE56E}.Debug|Any CPU.Build.0 = Debug|Any CPU
		{A1A859CB-E82B-4068-A1F9-107778DDE56E}.Debug|Mixed Platforms.ActiveCfg = Debug|Any CPU
		{A1A859CB-E82B-4068-A1F9-107778DDE56E}.Debug|Mixed Platforms.Build.0 = Debug|Any CPU
		{A1A859CB-E82B-4068-A1F9-107778DDE56E}.Debug|x86.ActiveCfg = Debug|Any CPU
		{A1A859CB-E82B-4068-A1F9-107778DDE56E}.Release|Any CPU.ActiveCfg = Release|Any CPU
		{A1A859CB-E82B-4068-A1F9-107778DDE56E}.Release|Any CPU.Build.0 = Release|Any CPU
		{A1A859CB-E82B-4068-A1F9-107778DDE56E}.Release|Mixed Platforms.ActiveCfg = Release|Any CPU
		{A1A859CB-E82B-4068-A1F9-107778DDE56E}.Release|Mixed Platforms.Build.0 = Release|Any CPU
		{A1A859CB-E82B-4068-A1F9-107778DDE56E}.Release|x86.ActiveCfg = Release|Any CPU
		{0AD8AE99-EC58-431D-A020-CB16C5D76A75}.Debug|Any CPU.ActiveCfg = Debug|Any CPU
		{0AD8AE99-EC58-431D-A020-CB16C5D76A75}.Debug|Any CPU.Build.0 = Debug|Any CPU
		{0AD8AE99-EC58-431D-A020-CB16C5D76A75}.Debug|Mixed Platforms.ActiveCfg = Debug|Any CPU
		{0AD8AE99-EC58-431D-A020-CB16C5D76A75}.Debug|Mixed Platforms.Build.0 = Debug|Any CPU
		{0AD8AE99-EC58-431D-A020-CB16C5D76A75}.Debug|x86.ActiveCfg = Debug|Any CPU
		{0AD8AE99-EC58-431D-A020-CB16C5D76A75}.Release|Any CPU.ActiveCfg = Release|Any CPU
		{0AD8AE99-EC58-431D-A020-CB16C5D76A75}.Release|Any CPU.Build.0 = Release|Any CPU
		{0AD8AE99-EC58-431D-A020-CB16C5D76A75}.Release|Mixed Platforms.ActiveCfg = Release|Any CPU
		{0AD8AE99-EC58-431D-A020-CB16C5D76A75}.Release|Mixed Platforms.Build.0 = Release|Any CPU
		{0AD8AE99-EC58-431D-A020-CB16C5D76A75}.Release|x86.ActiveCfg = Release|Any CPU
		{56515ADC-0EE3-4D3D-AA3B-F3E7C2B3F584}.Debug|Any CPU.ActiveCfg = Debug|Any CPU
		{56515ADC-0EE3-4D3D-AA3B-F3E7C2B3F584}.Debug|Any CPU.Build.0 = Debug|Any CPU
		{56515ADC-0EE3-4D3D-AA3B-F3E7C2B3F584}.Debug|Mixed Platforms.ActiveCfg = Debug|Any CPU
		{56515ADC-0EE3-4D3D-AA3B-F3E7C2B3F584}.Debug|Mixed Platforms.Build.0 = Debug|Any CPU
		{56515ADC-0EE3-4D3D-AA3B-F3E7C2B3F584}.Debug|x86.ActiveCfg = Debug|Any CPU
		{56515ADC-0EE3-4D3D-AA3B-F3E7C2B3F584}.Release|Any CPU.ActiveCfg = Release|Any CPU
		{56515ADC-0EE3-4D3D-AA3B-F3E7C2B3F584}.Release|Any CPU.Build.0 = Release|Any CPU
		{56515ADC-0EE3-4D3D-AA3B-F3E7C2B3F584}.Release|Mixed Platforms.ActiveCfg = Release|Any CPU
		{56515ADC-0EE3-4D3D-AA3B-F3E7C2B3F584}.Release|Mixed Platforms.Build.0 = Release|Any CPU
		{56515ADC-0EE3-4D3D-AA3B-F3E7C2B3F584}.Release|x86.ActiveCfg = Release|Any CPU
		{A8D0FA3D-39D4-4927-BF8C-4DCC4D12B6F0}.Debug|Any CPU.ActiveCfg = Debug|Any CPU
		{A8D0FA3D-39D4-4927-BF8C-4DCC4D12B6F0}.Debug|Any CPU.Build.0 = Debug|Any CPU
		{A8D0FA3D-39D4-4927-BF8C-4DCC4D12B6F0}.Debug|Mixed Platforms.ActiveCfg = Debug|Any CPU
		{A8D0FA3D-39D4-4927-BF8C-4DCC4D12B6F0}.Debug|Mixed Platforms.Build.0 = Debug|Any CPU
		{A8D0FA3D-39D4-4927-BF8C-4DCC4D12B6F0}.Debug|x86.ActiveCfg = Debug|Any CPU
		{A8D0FA3D-39D4-4927-BF8C-4DCC4D12B6F0}.Release|Any CPU.ActiveCfg = Release|Any CPU
		{A8D0FA3D-39D4-4927-BF8C-4DCC4D12B6F0}.Release|Any CPU.Build.0 = Release|Any CPU
		{A8D0FA3D-39D4-4927-BF8C-4DCC4D12B6F0}.Release|Mixed Platforms.ActiveCfg = Release|Any CPU
		{A8D0FA3D-39D4-4927-BF8C-4DCC4D12B6F0}.Release|Mixed Platforms.Build.0 = Release|Any CPU
		{A8D0FA3D-39D4-4927-BF8C-4DCC4D12B6F0}.Release|x86.ActiveCfg = Release|Any CPU
		{92A9A788-B9D8-44E0-AD05-1A6E27249874}.Debug|Any CPU.ActiveCfg = Debug|Any CPU
		{92A9A788-B9D8-44E0-AD05-1A6E27249874}.Debug|Any CPU.Build.0 = Debug|Any CPU
		{92A9A788-B9D8-44E0-AD05-1A6E27249874}.Debug|Mixed Platforms.ActiveCfg = Debug|Any CPU
		{92A9A788-B9D8-44E0-AD05-1A6E27249874}.Debug|Mixed Platforms.Build.0 = Debug|Any CPU
		{92A9A788-B9D8-44E0-AD05-1A6E27249874}.Debug|x86.ActiveCfg = Debug|Any CPU
		{92A9A788-B9D8-44E0-AD05-1A6E27249874}.Release|Any CPU.ActiveCfg = Release|Any CPU
		{92A9A788-B9D8-44E0-AD05-1A6E27249874}.Release|Any CPU.Build.0 = Release|Any CPU
		{92A9A788-B9D8-44E0-AD05-1A6E27249874}.Release|Mixed Platforms.ActiveCfg = Release|Any CPU
		{92A9A788-B9D8-44E0-AD05-1A6E27249874}.Release|Mixed Platforms.Build.0 = Release|Any CPU
		{92A9A788-B9D8-44E0-AD05-1A6E27249874}.Release|x86.ActiveCfg = Release|Any CPU
		{B551FE6F-6D70-4C9A-B6F1-8F8791FB16C1}.Debug|Any CPU.ActiveCfg = Debug|Any CPU
		{B551FE6F-6D70-4C9A-B6F1-8F8791FB16C1}.Debug|Any CPU.Build.0 = Debug|Any CPU
		{B551FE6F-6D70-4C9A-B6F1-8F8791FB16C1}.Debug|Mixed Platforms.ActiveCfg = Debug|Any CPU
		{B551FE6F-6D70-4C9A-B6F1-8F8791FB16C1}.Debug|Mixed Platforms.Build.0 = Debug|Any CPU
		{B551FE6F-6D70-4C9A-B6F1-8F8791FB16C1}.Debug|x86.ActiveCfg = Debug|Any CPU
		{B551FE6F-6D70-4C9A-B6F1-8F8791FB16C1}.Release|Any CPU.ActiveCfg = Release|Any CPU
		{B551FE6F-6D70-4C9A-B6F1-8F8791FB16C1}.Release|Any CPU.Build.0 = Release|Any CPU
		{B551FE6F-6D70-4C9A-B6F1-8F8791FB16C1}.Release|Mixed Platforms.ActiveCfg = Release|Any CPU
		{B551FE6F-6D70-4C9A-B6F1-8F8791FB16C1}.Release|Mixed Platforms.Build.0 = Release|Any CPU
		{B551FE6F-6D70-4C9A-B6F1-8F8791FB16C1}.Release|x86.ActiveCfg = Release|Any CPU
		{D871ED64-88E2-4A0A-ABD6-55090C988502}.Debug|Any CPU.ActiveCfg = Debug|Any CPU
		{D871ED64-88E2-4A0A-ABD6-55090C988502}.Debug|Any CPU.Build.0 = Debug|Any CPU
		{D871ED64-88E2-4A0A-ABD6-55090C988502}.Debug|Mixed Platforms.ActiveCfg = Debug|Any CPU
		{D871ED64-88E2-4A0A-ABD6-55090C988502}.Debug|Mixed Platforms.Build.0 = Debug|Any CPU
		{D871ED64-88E2-4A0A-ABD6-55090C988502}.Debug|x86.ActiveCfg = Debug|Any CPU
		{D871ED64-88E2-4A0A-ABD6-55090C988502}.Release|Any CPU.ActiveCfg = Release|Any CPU
		{D871ED64-88E2-4A0A-ABD6-55090C988502}.Release|Any CPU.Build.0 = Release|Any CPU
		{D871ED64-88E2-4A0A-ABD6-55090C988502}.Release|Mixed Platforms.ActiveCfg = Release|Any CPU
		{D871ED64-88E2-4A0A-ABD6-55090C988502}.Release|Mixed Platforms.Build.0 = Release|Any CPU
		{D871ED64-88E2-4A0A-ABD6-55090C988502}.Release|x86.ActiveCfg = Release|Any CPU
		{62DFF694-AD2C-41D5-9190-17B58148B840}.Debug|Any CPU.ActiveCfg = Debug|Any CPU
		{62DFF694-AD2C-41D5-9190-17B58148B840}.Debug|Any CPU.Build.0 = Debug|Any CPU
		{62DFF694-AD2C-41D5-9190-17B58148B840}.Debug|Mixed Platforms.ActiveCfg = Debug|Any CPU
		{62DFF694-AD2C-41D5-9190-17B58148B840}.Debug|Mixed Platforms.Build.0 = Debug|Any CPU
		{62DFF694-AD2C-41D5-9190-17B58148B840}.Debug|x86.ActiveCfg = Debug|Any CPU
		{62DFF694-AD2C-41D5-9190-17B58148B840}.Release|Any CPU.ActiveCfg = Release|Any CPU
		{62DFF694-AD2C-41D5-9190-17B58148B840}.Release|Any CPU.Build.0 = Release|Any CPU
		{62DFF694-AD2C-41D5-9190-17B58148B840}.Release|Mixed Platforms.ActiveCfg = Release|Any CPU
		{62DFF694-AD2C-41D5-9190-17B58148B840}.Release|Mixed Platforms.Build.0 = Release|Any CPU
		{62DFF694-AD2C-41D5-9190-17B58148B840}.Release|x86.ActiveCfg = Release|Any CPU
		{8ECBD6C5-7898-4E2D-8048-07CC49C7E6FD}.Debug|Any CPU.ActiveCfg = Debug|Any CPU
		{8ECBD6C5-7898-4E2D-8048-07CC49C7E6FD}.Debug|Any CPU.Build.0 = Debug|Any CPU
		{8ECBD6C5-7898-4E2D-8048-07CC49C7E6FD}.Debug|Mixed Platforms.ActiveCfg = Debug|Any CPU
		{8ECBD6C5-7898-4E2D-8048-07CC49C7E6FD}.Debug|Mixed Platforms.Build.0 = Debug|Any CPU
		{8ECBD6C5-7898-4E2D-8048-07CC49C7E6FD}.Debug|x86.ActiveCfg = Debug|Any CPU
		{8ECBD6C5-7898-4E2D-8048-07CC49C7E6FD}.Release|Any CPU.ActiveCfg = Release|Any CPU
		{8ECBD6C5-7898-4E2D-8048-07CC49C7E6FD}.Release|Any CPU.Build.0 = Release|Any CPU
		{8ECBD6C5-7898-4E2D-8048-07CC49C7E6FD}.Release|Mixed Platforms.ActiveCfg = Release|Any CPU
		{8ECBD6C5-7898-4E2D-8048-07CC49C7E6FD}.Release|Mixed Platforms.Build.0 = Release|Any CPU
		{8ECBD6C5-7898-4E2D-8048-07CC49C7E6FD}.Release|x86.ActiveCfg = Release|Any CPU
	EndGlobalSection
	GlobalSection(SolutionProperties) = preSolution
		HideSolutionNode = FALSE
	EndGlobalSection
	GlobalSection(NestedProjects) = preSolution
		{1D196AC0-4354-44EE-9BC6-86870D706372} = {8D23B679-2893-4410-9D3F-60FF346B46A3}
		{2D5CF1D8-895D-43AD-BE22-750B5EA25C39} = {82B0460F-06BF-4E26-B92B-9ADBAB126170}
		{D362D0E7-9315-428C-8AF9-F6ACBEDF3196} = {82B0460F-06BF-4E26-B92B-9ADBAB126170}
		{0AD8AE99-EC58-431D-A020-CB16C5D76A75} = {8D23B679-2893-4410-9D3F-60FF346B46A3}
		{56515ADC-0EE3-4D3D-AA3B-F3E7C2B3F584} = {82B0460F-06BF-4E26-B92B-9ADBAB126170}
		{92A9A788-B9D8-44E0-AD05-1A6E27249874} = {8D23B679-2893-4410-9D3F-60FF346B46A3}
		{D871ED64-88E2-4A0A-ABD6-55090C988502} = {82B0460F-06BF-4E26-B92B-9ADBAB126170}
		{62DFF694-AD2C-41D5-9190-17B58148B840} = {8D23B679-2893-4410-9D3F-60FF346B46A3}
		{8ECBD6C5-7898-4E2D-8048-07CC49C7E6FD} = {82B0460F-06BF-4E26-B92B-9ADBAB126170}
	EndGlobalSection
	GlobalSection(TestCaseManagementSettings) = postSolution
		CategoryFile = MagicBox.vsmdi
	EndGlobalSection
EndGlobal
